
Microsoft Visual Studio Solution File, Format Version 12.00
# Visual Studio 15
VisualStudioVersion = 15.0.27130.2036
MinimumVisualStudioVersion = 10.0.40219.1
Project("{FAE04EC0-301F-11D3-BF4B-00C04F79EFBC}") = "MVCWebApiPersonas", "MVCWebApiPersonas\MVCWebApiPersonas.csproj", "{2F726FF5-BF5C-4E80-8BAB-E8C281831DC4}"
EndProject
Global
	GlobalSection(SolutionConfigurationPlatforms) = preSolution
		Debug|Any CPU = Debug|Any CPU
		Release|Any CPU = Release|Any CPU
	EndGlobalSection
	GlobalSection(ProjectConfigurationPlatforms) = postSolution
		{2F726FF5-BF5C-4E80-8BAB-E8C281831DC4}.Debug|Any CPU.ActiveCfg = Debug|Any CPU
		{2F726FF5-BF5C-4E80-8BAB-E8C281831DC4}.Debug|Any CPU.Build.0 = Debug|Any CPU
		{2F726FF5-BF5C-4E80-8BAB-E8C281831DC4}.Release|Any CPU.ActiveCfg = Release|Any CPU
		{2F726FF5-BF5C-4E80-8BAB-E8C281831DC4}.Release|Any CPU.Build.0 = Release|Any CPU
	EndGlobalSection
	GlobalSection(SolutionProperties) = preSolution
		HideSolutionNode = FALSE
	EndGlobalSection
	GlobalSection(ExtensibilityGlobals) = postSolution
		SolutionGuid = {E557BDB7-1BD5-490F-A936-1796C441C238}
	EndGlobalSection
EndGlobal
